# This file is automatically @generated by Poetry 1.8.3 and should not be changed by hand.

[[package]]
name = "asyncio"
version = "3.4.3"
description = "reference implementation of PEP 3156"
optional = false
python-versions = "*"
files = [
    {file = "asyncio-3.4.3-cp33-none-win32.whl", hash = "sha256:b62c9157d36187eca799c378e572c969f0da87cd5fc42ca372d92cdb06e7e1de"},
    {file = "asyncio-3.4.3-cp33-none-win_amd64.whl", hash = "sha256:c46a87b48213d7464f22d9a497b9eef8c1928b68320a2fa94240f969f6fec08c"},
    {file = "asyncio-3.4.3-py3-none-any.whl", hash = "sha256:c4d18b22701821de07bd6aea8b53d21449ec0ec5680645e5317062ea21817d2d"},
    {file = "asyncio-3.4.3.tar.gz", hash = "sha256:83360ff8bc97980e4ff25c964c7bd3923d333d177aa4f7fb736b019f26c7cb41"},
]

[[package]]
name = "colorama"
version = "0.4.6"
description = "Cross-platform colored terminal text."
optional = false
python-versions = "!=3.0.*,!=3.1.*,!=3.2.*,!=3.3.*,!=3.4.*,!=3.5.*,!=3.6.*,>=2.7"
files = [
    {file = "colorama-0.4.6-py2.py3-none-any.whl", hash = "sha256:4f1d9991f5acc0ca119f9d443620b77f9d6b33703e51011c16baf57afb285fc6"},
    {file = "colorama-0.4.6.tar.gz", hash = "sha256:08695f5cb7ed6e0531a20572697297273c47b8cae5a63ffc6d6ed5c201be6e44"},
]

[[package]]
name = "fuzzywuzzy"
version = "0.18.0"
description = "Fuzzy string matching in python"
optional = false
python-versions = "*"
files = [
    {file = "fuzzywuzzy-0.18.0-py2.py3-none-any.whl", hash = "sha256:928244b28db720d1e0ee7587acf660ea49d7e4c632569cad4f1cd7e68a5f0993"},
    {file = "fuzzywuzzy-0.18.0.tar.gz", hash = "sha256:45016e92264780e58972dca1b3d939ac864b78437422beecebb3095f8efd00e8"},
]

[package.extras]
speedup = ["python-levenshtein (>=0.12)"]

[[package]]
name = "levenshtein"
version = "0.26.0"
description = "Python extension for computing string edit distances and similarities."
optional = false
python-versions = ">=3.9"
files = [
    {file = "levenshtein-0.26.0-cp310-cp310-macosx_11_0_arm64.whl", hash = "sha256:e5fb23bf35ef1094d00415bb2116dd862fb919adc4044436508029dafedfd687"},
    {file = "levenshtein-0.26.0-cp310-cp310-manylinux_2_17_aarch64.manylinux2014_aarch64.whl", hash = "sha256:ea97df5fecf4195ed24aa4c245e5b6cf42527a5818bd7d0d92ba8c7425828861"},
    {file = "levenshtein-0.26.0-cp310-cp310-manylinux_2_17_ppc64le.manylinux2014_ppc64le.whl", hash = "sha256:0c06ddb9149ee0f25ba334ad04ee3f782be3e64ab4bf8b9f34d6e4bf19a22880"},
    {file = "levenshtein-0.26.0-cp310-cp310-manylinux_2_17_s390x.manylinux2014_s390x.whl", hash = "sha256:bf2561d9077367aa01f3c6caf6132cec84b2b9a481f64f14f35f9e976a353605"},
    {file = "levenshtein-0.26.0-cp310-cp310-manylinux_2_17_x86_64.manylinux2014_x86_64.whl", hash = "sha256:54200110ba27c20cb2e3bc48cf855d7d910c6704a47caefe97ced8c59ee075b4"},
    {file = "levenshtein-0.26.0-cp310-cp310-manylinux_2_5_i686.manylinux1_i686.manylinux_2_17_i686.manylinux2014_i686.whl", hash = "sha256:ed1c1354f0f1e4736c2fb6f91e3913b63e38c8873a228a299f656bdaf788e1eb"},
    {file = "levenshtein-0.26.0-cp310-cp310-musllinux_1_2_aarch64.whl", hash = "sha256:4ecf7d755304d2ffab2ee808100f5e87889347b572c61c97d9f4f9a318806713"},
    {file = "levenshtein-0.26.0-cp310-cp310-musllinux_1_2_i686.whl", hash = "sha256:c532571fabd8a23fa12971f432cd17ababa031dee6efbaa8fa31380876593a3e"},
    {file = "levenshtein-0.26.0-cp310-cp310-musllinux_1_2_ppc64le.whl", hash = "sha256:71a3afbfc7d97fd536f128084a20c2a79b5d79995c7111eced1baf4d103ea6d4"},
    {file = "levenshtein-0.26.0-cp310-cp310-musllinux_1_2_s390x.whl", hash = "sha256:c49a20ddb119ab2d56e7e4d62e43602dff8c397718be4f00474723b40d626a7f"},
    {file = "levenshtein-0.26.0-cp310-cp310-musllinux_1_2_x86_64.whl", hash = "sha256:e8a34d41c7b392df98fce7c8353ea87cbbbf39239db141096ded00f4e1e75e6e"},
    {file = "levenshtein-0.26.0-cp310-cp310-win32.whl", hash = "sha256:a541040a01333994e5a037cb4e2c2b0e2496a2141facf63bbc9b359fe9f5b1dd"},
    {file = "levenshtein-0.26.0-cp310-cp310-win_amd64.whl", hash = "sha256:68a165bd91dab44c2b91c8278e3728f0da98cb48b1ed7f263bfdf616efcf4932"},
    {file = "levenshtein-0.26.0-cp310-cp310-win_arm64.whl", hash = "sha256:968731244a7d56354c912c054e7b6ea33c3700632ef7cab1c895b3110e86dc7b"},
    {file = "levenshtein-0.26.0-cp311-cp311-macosx_11_0_arm64.whl", hash = "sha256:7aabafb951b96ca6e0f981b1edb3ec81b41c010b7437758e275393768fa84453"},
    {file = "levenshtein-0.26.0-cp311-cp311-manylinux_2_17_aarch64.manylinux2014_aarch64.whl", hash = "sha256:5cefa552c5190e912f0fe39b62a5b08597d1256f330ed2c459ba724947458282"},
    {file = "levenshtein-0.26.0-cp311-cp311-manylinux_2_17_ppc64le.manylinux2014_ppc64le.whl", hash = "sha256:4a0ed02c8aaef0903b72fe0da88d9d24d7964b07dbc123997e549ac165efad8d"},
    {file = "levenshtein-0.26.0-cp311-cp311-manylinux_2_17_s390x.manylinux2014_s390x.whl", hash = "sha256:c5d21d3b08ceb7e544fae04897e211e43fb3500c9b3a8e74d08468b015c7270d"},
    {file = "levenshtein-0.26.0-cp311-cp311-manylinux_2_17_x86_64.manylinux2014_x86_64.whl", hash = "sha256:77422c5da5cfd8455a8835329d965e24250b0f0c1398e0a6362879f00d18f27c"},
    {file = "levenshtein-0.26.0-cp311-cp311-manylinux_2_5_i686.manylinux1_i686.manylinux_2_17_i686.manylinux2014_i686.whl", hash = "sha256:4931c8263e06edbece310b1f8e03bfcb74f211863a85058b46cdf8460a4136af"},
    {file = "levenshtein-0.26.0-cp311-cp311-musllinux_1_2_aarch64.whl", hash = "sha256:3e265812db8b04e6ae159751c7a82d6e0e5025223bd330fc9104a8a5beeeb7cf"},
    {file = "levenshtein-0.26.0-cp311-cp311-musllinux_1_2_i686.whl", hash = "sha256:8c58cb6c9f90f9b11d6b478e2da6ac1f0bcb5ea9608a5611088d30f782ee5920"},
    {file = "levenshtein-0.26.0-cp311-cp311-musllinux_1_2_ppc64le.whl", hash = "sha256:754669e9b82795cfc3ca0d70f2e715b58ff4d0f7e7f4e77fc6539543439ae22c"},
    {file = "levenshtein-0.26.0-cp311-cp311-musllinux_1_2_s390x.whl", hash = "sha256:830b1993e3e945b213a6b73ceca8b555147a6ecd7323e4959b80dee35abfc7fc"},
    {file = "levenshtein-0.26.0-cp311-cp311-musllinux_1_2_x86_64.whl", hash = "sha256:2b3aa9a0b844ddaeb6f5317eb4e85b5748901cf40c9a9b0d3a8bf76ef9d3cccc"},
    {file = "levenshtein-0.26.0-cp311-cp311-win32.whl", hash = "sha256:07ffd78569ca80adfd55172156faac35eb12ccd375d6d51ba4512b0346337cbf"},
    {file = "levenshtein-0.26.0-cp311-cp311-win_amd64.whl", hash = "sha256:1bf886afed2304e0022c33ed644afb719411cce4d4af11ba5bb040f05d9f00c1"},
    {file = "levenshtein-0.26.0-cp311-cp311-win_arm64.whl", hash = "sha256:c68b6e6c74ce9056370559196177b9e514ba20611a1ce9545dcd366d8a97cc60"},
    {file = "levenshtein-0.26.0-cp312-cp312-macosx_11_0_arm64.whl", hash = "sha256:fe230c754f628f6d266b8d970f8556775fb0a9c05027f807754312af7927b2ed"},
    {file = "levenshtein-0.26.0-cp312-cp312-manylinux_2_17_aarch64.manylinux2014_aarch64.whl", hash = "sha256:a01150b33505596be83bff9f6f06f53bc1a14fd5e36e840dc134822c6ba20e00"},
    {file = "levenshtein-0.26.0-cp312-cp312-manylinux_2_17_ppc64le.manylinux2014_ppc64le.whl", hash = "sha256:247767593ede88f3ddbd4f948ed30817cb751e25a335b35ec2332752021e4e10"},
    {file = "levenshtein-0.26.0-cp312-cp312-manylinux_2_17_s390x.manylinux2014_s390x.whl", hash = "sha256:52a7407416723cd7163238b16b7c0eba4b30bc53f549e803e654f1df6824e0b5"},
    {file = "levenshtein-0.26.0-cp312-cp312-manylinux_2_17_x86_64.manylinux2014_x86_64.whl", hash = "sha256:d0fa54bd453b8b347139b4ef940d717939c6a8966fdbcde2cf8d70316497e292"},
    {file = "levenshtein-0.26.0-cp312-cp312-manylinux_2_5_i686.manylinux1_i686.manylinux_2_17_i686.manylinux2014_i686.whl", hash = "sha256:14c96604ce1228922094ea266d9927227ab129e939b3e5dd84fee07390b72b5f"},
    {file = "levenshtein-0.26.0-cp312-cp312-musllinux_1_2_aarch64.whl", hash = "sha256:6170cbbec2ffc3df86adf2f457f83a22df99b6c4e2b21c76bc9a67b23c2940d1"},
    {file = "levenshtein-0.26.0-cp312-cp312-musllinux_1_2_i686.whl", hash = "sha256:7211e700ddca453efe49bdce57c84073451667873d80037c73c1f55840d08e70"},
    {file = "levenshtein-0.26.0-cp312-cp312-musllinux_1_2_ppc64le.whl", hash = "sha256:2150961cff9cfcfd4b5e4c1a5c90b2d4520a7d9cb65cd070cda5601b7f099496"},
    {file = "levenshtein-0.26.0-cp312-cp312-musllinux_1_2_s390x.whl", hash = "sha256:0afb8bd5bc2d686d34ed721399d78359d104c7483a740b262fd260357599e318"},
    {file = "levenshtein-0.26.0-cp312-cp312-musllinux_1_2_x86_64.whl", hash = "sha256:a68f863bef8a5301bc7ca4b99f2f8d666b5edcd30dca6234ee6cd541ca8a8f4e"},
    {file = "levenshtein-0.26.0-cp312-cp312-win32.whl", hash = "sha256:3baa2c8ebc1f3b773ffb010e03e7319098323618f919c5db2c7188e439d13602"},
    {file = "levenshtein-0.26.0-cp312-cp312-win_amd64.whl", hash = "sha256:ad6da19613e53c288bd130fadb91937b0ba849013065ddd377568cdd90611caa"},
    {file = "levenshtein-0.26.0-cp312-cp312-win_arm64.whl", hash = "sha256:bcbd4403c630755a5f898e6905975c1a8bb2c71a756d399f93811f82b5c0b1b3"},
    {file = "levenshtein-0.26.0-cp313-cp313-macosx_11_0_arm64.whl", hash = "sha256:770dc2973c9c76598d68b736319c2b2b6fad1f88837119a92e9124ff2167cc49"},
    {file = "levenshtein-0.26.0-cp313-cp313-manylinux_2_17_aarch64.manylinux2014_aarch64.whl", hash = "sha256:eb13782c15c2c0f5a74e920a9c9c26da5730830c13809bcb7a32876f1a4fb643"},
    {file = "levenshtein-0.26.0-cp313-cp313-manylinux_2_17_ppc64le.manylinux2014_ppc64le.whl", hash = "sha256:8a9949dd238e8c1bd27669a1bf66a5507eed2fd486130b30b2df44cc4f238a3c"},
    {file = "levenshtein-0.26.0-cp313-cp313-manylinux_2_17_s390x.manylinux2014_s390x.whl", hash = "sha256:dafc593a6e346fec5520f5dec9d87f4894aa9d584ccad43ce9fdcc363d9e9c34"},
    {file = "levenshtein-0.26.0-cp313-cp313-manylinux_2_17_x86_64.manylinux2014_x86_64.whl", hash = "sha256:7ce82de94989df4367ff38de2c4193bf0ea77b4e207ae60e98876922007a0f81"},
    {file = "levenshtein-0.26.0-cp313-cp313-manylinux_2_5_i686.manylinux1_i686.manylinux_2_17_i686.manylinux2014_i686.whl", hash = "sha256:cbd4775e0e88e209cbb4f722d39d057531138dafbd07e36c4b33eb18e29494ef"},
    {file = "levenshtein-0.26.0-cp313-cp313-musllinux_1_2_aarch64.whl", hash = "sha256:75e2567bf64e422843d0f67917938c0235a9292b395076dd5f8bbb731d1c3058"},
    {file = "levenshtein-0.26.0-cp313-cp313-musllinux_1_2_i686.whl", hash = "sha256:22c40516cc830aeeb18b09bd96ec32378b7e52e201d67e86dfb7f6a2e3bf3b3d"},
    {file = "levenshtein-0.26.0-cp313-cp313-musllinux_1_2_ppc64le.whl", hash = "sha256:c311554a220a12110d2640ee245d74f07b25cdc0acc04c625ab2bdf708f3bf84"},
    {file = "levenshtein-0.26.0-cp313-cp313-musllinux_1_2_s390x.whl", hash = "sha256:0560746b2c40cdd25458cb4a065e4d7ffbb245783638f5b0173cfd135f9d6664"},
    {file = "levenshtein-0.26.0-cp313-cp313-musllinux_1_2_x86_64.whl", hash = "sha256:3e8e373586026d71ec2053300ef46c5268fe41a29d9f58a724487e3f060502db"},
    {file = "levenshtein-0.26.0-cp313-cp313-win32.whl", hash = "sha256:f88d05187622366b529b25b130a8fad6497d7b6189e82198ce67d3921c3e418c"},
    {file = "levenshtein-0.26.0-cp313-cp313-win_amd64.whl", hash = "sha256:3cc288a6ab97a3ccd980d8a0465378b99eb53e32232f99279092a97578c4b2e9"},
    {file = "levenshtein-0.26.0-cp313-cp313-win_arm64.whl", hash = "sha256:de7727a57d1241f8c2d53a9f70642f48891514789bbd4daa0f90547b4e0bf70f"},
    {file = "levenshtein-0.26.0-cp39-cp39-macosx_11_0_arm64.whl", hash = "sha256:64bfad7270c2fc0f872f6ca2e26cc091efebfb64b7b1ae156123c2304fbcbae4"},
    {file = "levenshtein-0.26.0-cp39-cp39-manylinux_2_17_aarch64.manylinux2014_aarch64.whl", hash = "sha256:17c9e1d7bbde972c09e2c6578392ff0668697db8f815649594b984ed2b0b2843"},
    {file = "levenshtein-0.26.0-cp39-cp39-manylinux_2_17_ppc64le.manylinux2014_ppc64le.whl", hash = "sha256:7acff8e4335f18bb5b60cbd310957cf46c964f0b5bc1cc82fe6647c45309b9f8"},
    {file = "levenshtein-0.26.0-cp39-cp39-manylinux_2_17_s390x.manylinux2014_s390x.whl", hash = "sha256:d526636efb6e727dce5f67eb3437079f1d5d71dd2c0a2b6f48a62791a789764e"},
    {file = "levenshtein-0.26.0-cp39-cp39-manylinux_2_17_x86_64.manylinux2014_x86_64.whl", hash = "sha256:a492bd9e0075ed5f748ac000ffff581d7652f6cb2cf1d9ec9de3d12270dfc225"},
    {file = "levenshtein-0.26.0-cp39-cp39-manylinux_2_5_i686.manylinux1_i686.manylinux_2_17_i686.manylinux2014_i686.whl", hash = "sha256:fd953f8952c825c5d7112e9d64136afc8c7c122b9facc3ec4f9f87591a85e6d1"},
    {file = "levenshtein-0.26.0-cp39-cp39-musllinux_1_2_aarch64.whl", hash = "sha256:912fe5a3bcc970ab4b97e7e83ea118cf9a98831813535efa0f499b0b4df032dd"},
    {file = "levenshtein-0.26.0-cp39-cp39-musllinux_1_2_i686.whl", hash = "sha256:d9c8ac0f4ae2de173b6ccc3d0b379d1aa4212f653badc324fb5aa868e304e847"},
    {file = "levenshtein-0.26.0-cp39-cp39-musllinux_1_2_ppc64le.whl", hash = "sha256:47a4d8c58114c2b9a4318dcb8e2a0dc8446ec3ec637b051f3dbe27555786f603"},
    {file = "levenshtein-0.26.0-cp39-cp39-musllinux_1_2_s390x.whl", hash = "sha256:baf0c8c09d5c55f136b62e201886c4b93b4abbdbde0475f67dd8fc278bb403f7"},
    {file = "levenshtein-0.26.0-cp39-cp39-musllinux_1_2_x86_64.whl", hash = "sha256:88f051a0a4eec22cd8071634d5a2ee40d9810080e3b6d1e61e4fbe2a7a7ece3d"},
    {file = "levenshtein-0.26.0-cp39-cp39-win32.whl", hash = "sha256:c2d3f8cf45deeb6d0faa9df089c0e36e457236fc66aa31e67d3e7c15336e8401"},
    {file = "levenshtein-0.26.0-cp39-cp39-win_amd64.whl", hash = "sha256:9238be73beff55e2b285ac393573274e55233e7270cb6484fa4550b775016705"},
    {file = "levenshtein-0.26.0-cp39-cp39-win_arm64.whl", hash = "sha256:abc4618610ec6fff1c894fc931bc8b57c6d1ad7b8b9acafa685e19a84f521f8b"},
    {file = "levenshtein-0.26.0-pp310-pypy310_pp73-macosx_11_0_arm64.whl", hash = "sha256:ca2735baf43fb540be7d3cf24eb2fc97a395e9e85ec8fae64199f3b2ccbf5c5c"},
    {file = "levenshtein-0.26.0-pp310-pypy310_pp73-manylinux_2_17_aarch64.manylinux2014_aarch64.whl", hash = "sha256:93a949fabc6280ab44a6252d780577715e8e71a63a295c4730ce5490006ae1f5"},
    {file = "levenshtein-0.26.0-pp310-pypy310_pp73-manylinux_2_17_x86_64.manylinux2014_x86_64.whl", hash = "sha256:588094f406d5cb01dbf74201f8b4fe345d2b92a789997eb5371dad754f831d5b"},
    {file = "levenshtein-0.26.0-pp310-pypy310_pp73-manylinux_2_5_i686.manylinux1_i686.manylinux_2_17_i686.manylinux2014_i686.whl", hash = "sha256:c95201c7425cdff12ed16ff0a15af52c46477935e7589d1dc6ebd24f416c9ed8"},
    {file = "levenshtein-0.26.0-pp310-pypy310_pp73-win_amd64.whl", hash = "sha256:651b011617937d18f671450c8294d11b5b556b09e33ac038b923ae6496e35d31"},
    {file = "levenshtein-0.26.0-pp39-pypy39_pp73-macosx_11_0_arm64.whl", hash = "sha256:0576b0e817904adc621077761e71c97555ae9e698e712b0bdbe868464444200b"},
    {file = "levenshtein-0.26.0-pp39-pypy39_pp73-manylinux_2_17_aarch64.manylinux2014_aarch64.whl", hash = "sha256:16a3f4d0bcdbd0d14e0c49844a2ac02d8acece9f6cce41ea437c1d07ac536ec1"},
    {file = "levenshtein-0.26.0-pp39-pypy39_pp73-manylinux_2_17_x86_64.manylinux2014_x86_64.whl", hash = "sha256:e40e9a2c6482f6cce9046693844b33c492f35e57c849a0e104b03234ef3a31f6"},
    {file = "levenshtein-0.26.0-pp39-pypy39_pp73-manylinux_2_5_i686.manylinux1_i686.manylinux_2_17_i686.manylinux2014_i686.whl", hash = "sha256:8104cb5642277439c07091c160ad3b1c3d20c160db8dbf5306871f065721e5e8"},
    {file = "levenshtein-0.26.0-pp39-pypy39_pp73-win_amd64.whl", hash = "sha256:a30d30485eec8a2efe72d639fb9c33f0991416a6ddb490d6f0eef01c9dc79b7a"},
    {file = "levenshtein-0.26.0.tar.gz", hash = "sha256:960b020d96bbd348400d6ff5c16290adee49f0ae2d42707a550a3b4f7d092abe"},
]

[package.dependencies]
rapidfuzz = ">=3.9.0,<4.0.0"

[[package]]
name = "markdown-it-py"
version = "3.0.0"
description = "Python port of markdown-it. Markdown parsing, done right!"
optional = false
python-versions = ">=3.8"
files = [
    {file = "markdown-it-py-3.0.0.tar.gz", hash = "sha256:e3f60a94fa066dc52ec76661e37c851cb232d92f9886b15cb560aaada2df8feb"},
    {file = "markdown_it_py-3.0.0-py3-none-any.whl", hash = "sha256:355216845c60bd96232cd8d8c40e8f9765cc86f46880e43a8fd22dc1a1a8cab1"},
]

[package.dependencies]
mdurl = ">=0.1,<1.0"

[package.extras]
benchmarking = ["psutil", "pytest", "pytest-benchmark"]
code-style = ["pre-commit (>=3.0,<4.0)"]
compare = ["commonmark (>=0.9,<1.0)", "markdown (>=3.4,<4.0)", "mistletoe (>=1.0,<2.0)", "mistune (>=2.0,<3.0)", "panflute (>=2.3,<3.0)"]
linkify = ["linkify-it-py (>=1,<3)"]
plugins = ["mdit-py-plugins"]
profiling = ["gprof2dot"]
rtd = ["jupyter_sphinx", "mdit-py-plugins", "myst-parser", "pyyaml", "sphinx", "sphinx-copybutton", "sphinx-design", "sphinx_book_theme"]
testing = ["coverage", "pytest", "pytest-cov", "pytest-regressions"]

[[package]]
name = "mdurl"
version = "0.1.2"
description = "Markdown URL utilities"
optional = false
python-versions = ">=3.7"
files = [
    {file = "mdurl-0.1.2-py3-none-any.whl", hash = "sha256:84008a41e51615a49fc9966191ff91509e3c40b939176e643fd50a5c2196b8f8"},
    {file = "mdurl-0.1.2.tar.gz", hash = "sha256:bb413d29f5eea38f31dd4754dd7377d4465116fb207585f97bf925588687c1ba"},
]

[[package]]
name = "pyaes"
version = "1.6.1"
description = "Pure-Python Implementation of the AES block-cipher and common modes of operation"
optional = false
python-versions = "*"
files = [
    {file = "pyaes-1.6.1.tar.gz", hash = "sha256:02c1b1405c38d3c370b085fb952dd8bea3fadcee6411ad99f312cc129c536d8f"},
]

[[package]]
name = "pyasn1"
version = "0.6.1"
description = "Pure-Python implementation of ASN.1 types and DER/BER/CER codecs (X.208)"
optional = false
python-versions = ">=3.8"
files = [
    {file = "pyasn1-0.6.1-py3-none-any.whl", hash = "sha256:0d632f46f2ba09143da3a8afe9e33fb6f92fa2320ab7e886e2d0f7672af84629"},
    {file = "pyasn1-0.6.1.tar.gz", hash = "sha256:6f580d2bdd84365380830acf45550f2511469f673cb4a5ae3857a3170128b034"},
]

[[package]]
name = "pygments"
version = "2.18.0"
description = "Pygments is a syntax highlighting package written in Python."
optional = false
python-versions = ">=3.8"
files = [
    {file = "pygments-2.18.0-py3-none-any.whl", hash = "sha256:b8e6aca0523f3ab76fee51799c488e38782ac06eafcf95e7ba832985c8e7b13a"},
    {file = "pygments-2.18.0.tar.gz", hash = "sha256:786ff802f32e91311bff3889f6e9a86e81505fe99f2735bb6d60ae0c5004f199"},
]

[package.extras]
windows-terminal = ["colorama (>=0.4.6)"]

[[package]]
name = "python-dotenv"
version = "1.0.1"
description = "Read key-value pairs from a .env file and set them as environment variables"
optional = false
python-versions = ">=3.8"
files = [
    {file = "python-dotenv-1.0.1.tar.gz", hash = "sha256:e324ee90a023d808f1959c46bcbc04446a10ced277783dc6ee09987c37ec10ca"},
    {file = "python_dotenv-1.0.1-py3-none-any.whl", hash = "sha256:f7b63ef50f1b690dddf550d03497b66d609393b40b564ed0d674909a68ebf16a"},
]

[package.extras]
cli = ["click (>=5.0)"]

[[package]]
name = "python-levenshtein"
version = "0.26.0"
description = "Python extension for computing string edit distances and similarities."
optional = false
python-versions = ">=3.9"
files = [
    {file = "python_Levenshtein-0.26.0-py3-none-any.whl", hash = "sha256:1d808ba2f9df04aaea5eceba6e73734f2ffeba99d98d2a91078f32276cd041f4"},
    {file = "python_levenshtein-0.26.0.tar.gz", hash = "sha256:b454dd13708546649f1cba2a0f450dd98e7c1679a92e2d6f0a8b8c013c276e55"},
]

[package.dependencies]
Levenshtein = "0.26.0"

[[package]]
name = "rapidfuzz"
version = "3.10.0"
description = "rapid fuzzy string matching"
optional = false
python-versions = ">=3.9"
files = [
    {file = "rapidfuzz-3.10.0-cp310-cp310-macosx_10_9_x86_64.whl", hash = "sha256:884453860de029380dded8f3c1918af2d8eb5adf8010261645c7e5c88c2b5428"},
    {file = "rapidfuzz-3.10.0-cp310-cp310-macosx_11_0_arm64.whl", hash = "sha256:718c9bd369288aca5fa929df6dbf66fdbe9768d90940a940c0b5cdc96ade4309"},
    {file = "rapidfuzz-3.10.0-cp310-cp310-manylinux_2_17_aarch64.manylinux2014_aarch64.whl", hash = "sha256:a68e3724b7dab761c01816aaa64b0903734d999d5589daf97c14ef5cc0629a8e"},
    {file = "rapidfuzz-3.10.0-cp310-cp310-manylinux_2_17_i686.manylinux2014_i686.whl", hash = "sha256:1af60988d47534246d9525f77288fdd9de652608a4842815d9018570b959acc6"},
    {file = "rapidfuzz-3.10.0-cp310-cp310-manylinux_2_17_ppc64le.manylinux2014_ppc64le.whl", hash = "sha256:3084161fc3e963056232ef8d937449a2943852e07101f5a136c8f3cfa4119217"},
    {file = "rapidfuzz-3.10.0-cp310-cp310-manylinux_2_17_s390x.manylinux2014_s390x.whl", hash = "sha256:6cd67d3d017296d98ff505529104299f78433e4b8af31b55003d901a62bbebe9"},
    {file = "rapidfuzz-3.10.0-cp310-cp310-manylinux_2_17_x86_64.manylinux2014_x86_64.whl", hash = "sha256:b11a127ac590fc991e8a02c2d7e1ac86e8141c92f78546f18b5c904064a0552c"},
    {file = "rapidfuzz-3.10.0-cp310-cp310-musllinux_1_2_aarch64.whl", hash = "sha256:aadce42147fc09dcef1afa892485311e824c050352e1aa6e47f56b9b27af4cf0"},
    {file = "rapidfuzz-3.10.0-cp310-cp310-musllinux_1_2_i686.whl", hash = "sha256:b54853c2371bf0e38d67da379519deb6fbe70055efb32f6607081641af3dc752"},
    {file = "rapidfuzz-3.10.0-cp310-cp310-musllinux_1_2_ppc64le.whl", hash = "sha256:ce19887268e90ee81a3957eef5e46a70ecc000713796639f83828b950343f49e"},
    {file = "rapidfuzz-3.10.0-cp310-cp310-musllinux_1_2_s390x.whl", hash = "sha256:f39a2a5ded23b9b9194ec45740dce57177b80f86c6d8eba953d3ff1a25c97766"},
    {file = "rapidfuzz-3.10.0-cp310-cp310-musllinux_1_2_x86_64.whl", hash = "sha256:0ec338d5f4ad8d9339a88a08db5c23e7f7a52c2b2a10510c48a0cef1fb3f0ddc"},
    {file = "rapidfuzz-3.10.0-cp310-cp310-win32.whl", hash = "sha256:56fd15ea8f4c948864fa5ebd9261c67cf7b89a1c517a0caef4df75446a7af18c"},
    {file = "rapidfuzz-3.10.0-cp310-cp310-win_amd64.whl", hash = "sha256:43dfc5e733808962a822ff6d9c29f3039a3cfb3620706f5953e17cfe4496724c"},
    {file = "rapidfuzz-3.10.0-cp310-cp310-win_arm64.whl", hash = "sha256:ae7966f205b5a7fde93b44ca8fed37c1c8539328d7f179b1197de34eceaceb5f"},
    {file = "rapidfuzz-3.10.0-cp311-cp311-macosx_10_9_x86_64.whl", hash = "sha256:bb0013795b40db5cf361e6f21ee7cda09627cf294977149b50e217d7fe9a2f03"},
    {file = "rapidfuzz-3.10.0-cp311-cp311-macosx_11_0_arm64.whl", hash = "sha256:69ef5b363afff7150a1fbe788007e307b9802a2eb6ad92ed51ab94e6ad2674c6"},
    {file = "rapidfuzz-3.10.0-cp311-cp311-manylinux_2_17_aarch64.manylinux2014_aarch64.whl", hash = "sha256:c582c46b1bb0b19f1a5f4c1312f1b640c21d78c371a6615c34025b16ee56369b"},
    {file = "rapidfuzz-3.10.0-cp311-cp311-manylinux_2_17_i686.manylinux2014_i686.whl", hash = "sha256:288f6f6e7410cacb115fb851f3f18bf0e4231eb3f6cb5bd1cec0e7b25c4d039d"},
    {file = "rapidfuzz-3.10.0-cp311-cp311-manylinux_2_17_ppc64le.manylinux2014_ppc64le.whl", hash = "sha256:c9e29a13d2fd9be3e7d8c26c7ef4ba60b5bc7efbc9dbdf24454c7e9ebba31768"},
    {file = "rapidfuzz-3.10.0-cp311-cp311-manylinux_2_17_s390x.manylinux2014_s390x.whl", hash = "sha256:ea2da0459b951ee461bd4e02b8904890bd1c4263999d291c5cd01e6620177ad4"},
    {file = "rapidfuzz-3.10.0-cp311-cp311-manylinux_2_17_x86_64.manylinux2014_x86_64.whl", hash = "sha256:457827ba82261aa2ae6ac06a46d0043ab12ba7216b82d87ae1434ec0f29736d6"},
    {file = "rapidfuzz-3.10.0-cp311-cp311-musllinux_1_2_aarch64.whl", hash = "sha256:5d350864269d56f51ab81ab750c9259ae5cad3152c0680baef143dcec92206a1"},
    {file = "rapidfuzz-3.10.0-cp311-cp311-musllinux_1_2_i686.whl", hash = "sha256:a9b8f51e08c3f983d857c3889930af9ddecc768453822076683664772d87e374"},
    {file = "rapidfuzz-3.10.0-cp311-cp311-musllinux_1_2_ppc64le.whl", hash = "sha256:7f3a6aa6e70fc27e4ff5c479f13cc9fc26a56347610f5f8b50396a0d344c5f55"},
    {file = "rapidfuzz-3.10.0-cp311-cp311-musllinux_1_2_s390x.whl", hash = "sha256:803f255f10d63420979b1909ef976e7d30dec42025c9b067fc1d2040cc365a7e"},
    {file = "rapidfuzz-3.10.0-cp311-cp311-musllinux_1_2_x86_64.whl", hash = "sha256:2026651761bf83a0f31495cc0f70840d5c0d54388f41316e3f9cb51bd85e49a5"},
    {file = "rapidfuzz-3.10.0-cp311-cp311-win32.whl", hash = "sha256:4df75b3ebbb8cfdb9bf8b213b168620b88fd92d0c16a8bc9f9234630b282db59"},
    {file = "rapidfuzz-3.10.0-cp311-cp311-win_amd64.whl", hash = "sha256:f9f0bbfb6787b97c51516f3ccf97737d504db5d239ad44527673b81f598b84ab"},
    {file = "rapidfuzz-3.10.0-cp311-cp311-win_arm64.whl", hash = "sha256:10fdad800441b9c97d471a937ba7d42625f1b530db05e572f1cb7d401d95c893"},
    {file = "rapidfuzz-3.10.0-cp312-cp312-macosx_10_13_x86_64.whl", hash = "sha256:7dc87073ba3a40dd65591a2100aa71602107443bf10770579ff9c8a3242edb94"},
    {file = "rapidfuzz-3.10.0-cp312-cp312-macosx_11_0_arm64.whl", hash = "sha256:a425a0a868cf8e9c6e93e1cda4b758cdfd314bb9a4fc916c5742c934e3613480"},
    {file = "rapidfuzz-3.10.0-cp312-cp312-manylinux_2_17_aarch64.manylinux2014_aarch64.whl", hash = "sha256:a86d5d1d75e61df060c1e56596b6b0a4422a929dff19cc3dbfd5eee762c86b61"},
    {file = "rapidfuzz-3.10.0-cp312-cp312-manylinux_2_17_i686.manylinux2014_i686.whl", hash = "sha256:34f213d59219a9c3ca14e94a825f585811a68ac56b4118b4dc388b5b14afc108"},
    {file = "rapidfuzz-3.10.0-cp312-cp312-manylinux_2_17_ppc64le.manylinux2014_ppc64le.whl", hash = "sha256:96ad46f5f56f70fab2be9e5f3165a21be58d633b90bf6e67fc52a856695e4bcf"},
    {file = "rapidfuzz-3.10.0-cp312-cp312-manylinux_2_17_s390x.manylinux2014_s390x.whl", hash = "sha256:9178277f72d144a6c7704d7ae7fa15b7b86f0f0796f0e1049c7b4ef748a662ef"},
    {file = "rapidfuzz-3.10.0-cp312-cp312-manylinux_2_17_x86_64.manylinux2014_x86_64.whl", hash = "sha256:76a35e9e19a7c883c422ffa378e9a04bc98cb3b29648c5831596401298ee51e6"},
    {file = "rapidfuzz-3.10.0-cp312-cp312-musllinux_1_2_aarch64.whl", hash = "sha256:8a6405d34c394c65e4f73a1d300c001f304f08e529d2ed6413b46ee3037956eb"},
    {file = "rapidfuzz-3.10.0-cp312-cp312-musllinux_1_2_i686.whl", hash = "sha256:bd393683129f446a75d8634306aed7e377627098a1286ff3af2a4f1736742820"},
    {file = "rapidfuzz-3.10.0-cp312-cp312-musllinux_1_2_ppc64le.whl", hash = "sha256:b0445fa9880ead81f5a7d0efc0b9c977a947d8052c43519aceeaf56eabaf6843"},
    {file = "rapidfuzz-3.10.0-cp312-cp312-musllinux_1_2_s390x.whl", hash = "sha256:c50bc308fa29767ed8f53a8d33b7633a9e14718ced038ed89d41b886e301da32"},
    {file = "rapidfuzz-3.10.0-cp312-cp312-musllinux_1_2_x86_64.whl", hash = "sha256:e89605afebbd2d4b045bccfdc12a14b16fe8ccbae05f64b4b4c64a97dad1c891"},
    {file = "rapidfuzz-3.10.0-cp312-cp312-win32.whl", hash = "sha256:2db9187f3acf3cd33424ecdbaad75414c298ecd1513470df7bda885dcb68cc15"},
    {file = "rapidfuzz-3.10.0-cp312-cp312-win_amd64.whl", hash = "sha256:50e3d0c72ea15391ba9531ead7f2068a67c5b18a6a365fef3127583aaadd1725"},
    {file = "rapidfuzz-3.10.0-cp312-cp312-win_arm64.whl", hash = "sha256:9eac95b4278bd53115903d89118a2c908398ee8bdfd977ae844f1bd2b02b917c"},
    {file = "rapidfuzz-3.10.0-cp313-cp313-macosx_10_13_x86_64.whl", hash = "sha256:fe5231e8afd069c742ac5b4f96344a0fe4aff52df8e53ef87faebf77f827822c"},
    {file = "rapidfuzz-3.10.0-cp313-cp313-macosx_11_0_arm64.whl", hash = "sha256:886882367dbc985f5736356105798f2ae6e794e671fc605476cbe2e73838a9bb"},
    {file = "rapidfuzz-3.10.0-cp313-cp313-manylinux_2_17_aarch64.manylinux2014_aarch64.whl", hash = "sha256:b33e13e537e3afd1627d421a142a12bbbe601543558a391a6fae593356842f6e"},
    {file = "rapidfuzz-3.10.0-cp313-cp313-manylinux_2_17_i686.manylinux2014_i686.whl", hash = "sha256:094c26116d55bf9c53abd840d08422f20da78ec4c4723e5024322321caedca48"},
    {file = "rapidfuzz-3.10.0-cp313-cp313-manylinux_2_17_ppc64le.manylinux2014_ppc64le.whl", hash = "sha256:545fc04f2d592e4350f59deb0818886c1b444ffba3bec535b4fbb97191aaf769"},
    {file = "rapidfuzz-3.10.0-cp313-cp313-manylinux_2_17_s390x.manylinux2014_s390x.whl", hash = "sha256:916a6abf3632e592b937c3d04c00a6efadd8fd30539cdcd4e6e4d92be7ca5d90"},
    {file = "rapidfuzz-3.10.0-cp313-cp313-manylinux_2_17_x86_64.manylinux2014_x86_64.whl", hash = "sha256:fb6ec40cef63b1922083d33bfef2f91fc0b0bc07b5b09bfee0b0f1717d558292"},
    {file = "rapidfuzz-3.10.0-cp313-cp313-musllinux_1_2_aarch64.whl", hash = "sha256:c77a7330dd15c7eb5fd3631dc646fc96327f98db8181138766bd14d3e905f0ba"},
    {file = "rapidfuzz-3.10.0-cp313-cp313-musllinux_1_2_i686.whl", hash = "sha256:949b5e9eeaa4ecb4c7e9c2a4689dddce60929dd1ff9c76a889cdbabe8bbf2171"},
    {file = "rapidfuzz-3.10.0-cp313-cp313-musllinux_1_2_ppc64le.whl", hash = "sha256:b5363932a5aab67010ae1a6205c567d1ef256fb333bc23c27582481606be480c"},
    {file = "rapidfuzz-3.10.0-cp313-cp313-musllinux_1_2_s390x.whl", hash = "sha256:5dd6eec15b13329abe66cc241b484002ecb0e17d694491c944a22410a6a9e5e2"},
    {file = "rapidfuzz-3.10.0-cp313-cp313-musllinux_1_2_x86_64.whl", hash = "sha256:79e7f98525b60b3c14524e0a4e1fedf7654657b6e02eb25f1be897ab097706f3"},
    {file = "rapidfuzz-3.10.0-cp313-cp313-win32.whl", hash = "sha256:d29d1b9857c65f8cb3a29270732e1591b9bacf89de9d13fa764f79f07d8f1fd2"},
    {file = "rapidfuzz-3.10.0-cp313-cp313-win_amd64.whl", hash = "sha256:fa9720e56663cc3649d62b4b5f3145e94b8f5611e8a8e1b46507777249d46aad"},
    {file = "rapidfuzz-3.10.0-cp313-cp313-win_arm64.whl", hash = "sha256:eda4c661e68dddd56c8fbfe1ca35e40dd2afd973f7ebb1605f4d151edc63dff8"},
    {file = "rapidfuzz-3.10.0-cp39-cp39-macosx_10_9_x86_64.whl", hash = "sha256:cffbc50e0767396ed483900900dd58ce4351bc0d40e64bced8694bd41864cc71"},
    {file = "rapidfuzz-3.10.0-cp39-cp39-macosx_11_0_arm64.whl", hash = "sha256:c038b9939da3035afb6cb2f465f18163e8f070aba0482923ecff9443def67178"},
    {file = "rapidfuzz-3.10.0-cp39-cp39-manylinux_2_17_aarch64.manylinux2014_aarch64.whl", hash = "sha256:ca366c2e2a54e2f663f4529b189fdeb6e14d419b1c78b754ec1744f3c01070d4"},
    {file = "rapidfuzz-3.10.0-cp39-cp39-manylinux_2_17_i686.manylinux2014_i686.whl", hash = "sha256:7c4c82b1689b23b1b5e6a603164ed2be41b6f6de292a698b98ba2381e889eb9d"},
    {file = "rapidfuzz-3.10.0-cp39-cp39-manylinux_2_17_ppc64le.manylinux2014_ppc64le.whl", hash = "sha256:98f6ebe28831a482981ecfeedc8237047878424ad0c1add2c7f366ba44a20452"},
    {file = "rapidfuzz-3.10.0-cp39-cp39-manylinux_2_17_s390x.manylinux2014_s390x.whl", hash = "sha256:4bd1a7676ee2a4c8e2f7f2550bece994f9f89e58afb96088964145a83af7408b"},
    {file = "rapidfuzz-3.10.0-cp39-cp39-manylinux_2_17_x86_64.manylinux2014_x86_64.whl", hash = "sha256:ec9139baa3f85b65adc700eafa03ed04995ca8533dd56c924f0e458ffec044ab"},
    {file = "rapidfuzz-3.10.0-cp39-cp39-musllinux_1_2_aarch64.whl", hash = "sha256:26de93e6495078b6af4c4d93a42ca067b16cc0e95699526c82ab7d1025b4d3bf"},
    {file = "rapidfuzz-3.10.0-cp39-cp39-musllinux_1_2_i686.whl", hash = "sha256:f3a0bda83c18195c361b5500377d0767749f128564ca95b42c8849fd475bb327"},
    {file = "rapidfuzz-3.10.0-cp39-cp39-musllinux_1_2_ppc64le.whl", hash = "sha256:63e4c175cbce8c3adc22dca5e6154588ae673f6c55374d156f3dac732c88d7de"},
    {file = "rapidfuzz-3.10.0-cp39-cp39-musllinux_1_2_s390x.whl", hash = "sha256:4dd3d8443970eaa02ab5ae45ce584b061f2799cd9f7e875190e2617440c1f9d4"},
    {file = "rapidfuzz-3.10.0-cp39-cp39-musllinux_1_2_x86_64.whl", hash = "sha256:e5ddb2388610799fc46abe389600625058f2a73867e63e20107c5ad5ffa57c47"},
    {file = "rapidfuzz-3.10.0-cp39-cp39-win32.whl", hash = "sha256:2e9be5d05cd960914024412b5406fb75a82f8562f45912ff86255acbfdbfb78e"},
    {file = "rapidfuzz-3.10.0-cp39-cp39-win_amd64.whl", hash = "sha256:47aca565a39c9a6067927871973ca827023e8b65ba6c5747f4c228c8d7ddc04f"},
    {file = "rapidfuzz-3.10.0-cp39-cp39-win_arm64.whl", hash = "sha256:b0732343cdc4273b5921268026dd7266f75466eb21873cb7635a200d9d9c3fac"},
    {file = "rapidfuzz-3.10.0-pp310-pypy310_pp73-macosx_10_15_x86_64.whl", hash = "sha256:f744b5eb1469bf92dd143d36570d2bdbbdc88fe5cb0b5405e53dd34f479cbd8a"},
    {file = "rapidfuzz-3.10.0-pp310-pypy310_pp73-macosx_11_0_arm64.whl", hash = "sha256:b67cc21a14327a0eb0f47bc3d7e59ec08031c7c55220ece672f9476e7a8068d3"},
    {file = "rapidfuzz-3.10.0-pp310-pypy310_pp73-manylinux_2_17_aarch64.manylinux2014_aarch64.whl", hash = "sha256:2fe5783676f0afba4a522c80b15e99dbf4e393c149ab610308a8ef1f04c6bcc8"},
    {file = "rapidfuzz-3.10.0-pp310-pypy310_pp73-manylinux_2_17_i686.manylinux2014_i686.whl", hash = "sha256:d4688862f957c8629d557d084f20b2d803f8738b6c4066802a0b1cc472e088d9"},
    {file = "rapidfuzz-3.10.0-pp310-pypy310_pp73-manylinux_2_17_x86_64.manylinux2014_x86_64.whl", hash = "sha256:20bd153aacc244e4c907d772c703fea82754c4db14f8aa64d75ff81b7b8ab92d"},
    {file = "rapidfuzz-3.10.0-pp310-pypy310_pp73-win_amd64.whl", hash = "sha256:50484d563f8bfa723c74c944b0bb15b9e054db9c889348c8c307abcbee75ab92"},
    {file = "rapidfuzz-3.10.0-pp39-pypy39_pp73-macosx_10_15_x86_64.whl", hash = "sha256:5897242d455461f2c5b82d7397b29341fd11e85bf3608a522177071044784ee8"},
    {file = "rapidfuzz-3.10.0-pp39-pypy39_pp73-macosx_11_0_arm64.whl", hash = "sha256:116c71a81e046ba56551d8ab68067ca7034d94b617545316d460a452c5c3c289"},
    {file = "rapidfuzz-3.10.0-pp39-pypy39_pp73-manylinux_2_17_aarch64.manylinux2014_aarch64.whl", hash = "sha256:f0a547e4350d1fa32624d3eab51eff8cf329f4cae110b4ea0402486b1da8be40"},
    {file = "rapidfuzz-3.10.0-pp39-pypy39_pp73-manylinux_2_17_i686.manylinux2014_i686.whl", hash = "sha256:399b9b79ccfcf50ca3bad7692bc098bb8eade88d7d5e15773b7f866c91156d0c"},
    {file = "rapidfuzz-3.10.0-pp39-pypy39_pp73-manylinux_2_17_x86_64.manylinux2014_x86_64.whl", hash = "sha256:7947a425d1be3e744707ee58c6cb318b93a56e08f080722dcc0347e0b7a1bb9a"},
    {file = "rapidfuzz-3.10.0-pp39-pypy39_pp73-win_amd64.whl", hash = "sha256:94c48b4a2a4b1d22246f48e2b11cae01ec7d23f0c9123f8bb822839ad79d0a88"},
    {file = "rapidfuzz-3.10.0.tar.gz", hash = "sha256:6b62af27e65bb39276a66533655a2fa3c60a487b03935721c45b7809527979be"},
]

[package.extras]
all = ["numpy"]

[[package]]
name = "rich"
version = "13.9.2"
description = "Render rich text, tables, progress bars, syntax highlighting, markdown and more to the terminal"
optional = false
python-versions = ">=3.8.0"
files = [
    {file = "rich-13.9.2-py3-none-any.whl", hash = "sha256:8c82a3d3f8dcfe9e734771313e606b39d8247bb6b826e196f4914b333b743cf1"},
    {file = "rich-13.9.2.tar.gz", hash = "sha256:51a2c62057461aaf7152b4d611168f93a9fc73068f8ded2790f29fe2b5366d0c"},
]

[package.dependencies]
markdown-it-py = ">=2.2.0"
pygments = ">=2.13.0,<3.0.0"

[package.extras]
jupyter = ["ipywidgets (>=7.5.1,<9)"]

[[package]]
name = "rsa"
version = "4.9"
description = "Pure-Python RSA implementation"
optional = false
python-versions = ">=3.6,<4"
files = [
    {file = "rsa-4.9-py3-none-any.whl", hash = "sha256:90260d9058e514786967344d0ef75fa8727eed8a7d2e43ce9f4bcf1b536174f7"},
    {file = "rsa-4.9.tar.gz", hash = "sha256:e38464a49c6c85d7f1351b0126661487a7e0a14a50f1675ec50eb34d4f20ef21"},
]

[package.dependencies]
pyasn1 = ">=0.1.3"

[[package]]
name = "telethon"
version = "1.37.0"
description = "Full-featured Telegram client library for Python 3"
optional = false
python-versions = ">=3.5"
files = [
    {file = "Telethon-1.37.0.tar.gz", hash = "sha256:e5e43cff1c1b34e2f9c2b395215beb6e9bda706b69def7efff4f55b23c9c4374"},
]

[package.dependencies]
pyaes = "*"
rsa = "*"

[package.extras]
cryptg = ["cryptg"]

[[package]]
name = "tqdm"
version = "4.66.5"
description = "Fast, Extensible Progress Meter"
optional = false
python-versions = ">=3.7"
files = [
    {file = "tqdm-4.66.5-py3-none-any.whl", hash = "sha256:90279a3770753eafc9194a0364852159802111925aa30eb3f9d85b0e805ac7cd"},
    {file = "tqdm-4.66.5.tar.gz", hash = "sha256:e1020aef2e5096702d8a025ac7d16b1577279c9d63f8375b63083e9a5f0fcbad"},
]

[package.dependencies]
colorama = {version = "*", markers = "platform_system == \"Windows\""}

[package.extras]
dev = ["pytest (>=6)", "pytest-cov", "pytest-timeout", "pytest-xdist"]
notebook = ["ipywidgets (>=6)"]
slack = ["slack-sdk"]
telegram = ["requests"]

[metadata]
lock-version = "2.0"
python-versions = "^3.12"
content-hash = "860eba56364cdcc93ab5c4d36e4456f499f7a1771d4fe799e5b70cb5b17c39f8"
